
Microsoft Visual Studio Solution File, Format Version 12.00
# Visual Studio Version 17
VisualStudioVersion = 17.0.32014.148
MinimumVisualStudioVersion = 10.0.40219.1
Project("{2150E333-8FDC-42A3-9474-1A3956D46DE8}") = "1. Enterprise Business Rules", "1. Enterprise Business Rules", "{DCEF27EC-5818-4AFE-A2F9-5AEC41B90301}"
EndProject
Project("{2150E333-8FDC-42A3-9474-1A3956D46DE8}") = "2. Application Business Rules", "2. Application Business Rules", "{7AB00ADD-D572-430E-A245-772FB78F3E78}"
EndProject
Project("{2150E333-8FDC-42A3-9474-1A3956D46DE8}") = "3. Interface Adapters", "3. Interface Adapters", "{62B797F3-7471-4A2F-9ABF-F04C2E9E2CCA}"
EndProject
Project("{2150E333-8FDC-42A3-9474-1A3956D46DE8}") = "4.  Framworks And Drivers", "4.  Framworks And Drivers", "{8C576F45-0EAE-491F-A399-A2A3BB7101EC}"
EndProject
Project("{9A19103F-16F7-4668-BE54-9A1E7A4F7556}") = "NorthWind.Sales.BusinessObjects", "NorthWind.Sales.BusinessObjects\NorthWind.Sales.BusinessObjects.csproj", "{551C8616-CF77-4170-8302-D06E69D26BD2}"
EndProject
Project("{9A19103F-16F7-4668-BE54-9A1E7A4F7556}") = "NorthWind.Sales.Controllers", "NorthWind.Sales.Controllers\NorthWind.Sales.Controllers.csproj", "{144D9921-1205-48A3-84DC-B8D8FF91CB03}"
EndProject
Project("{9A19103F-16F7-4668-BE54-9A1E7A4F7556}") = "NorthWind.Sales.Controllers.Test", "NorthWind.Sales.Controllers.Test\NorthWind.Sales.Controllers.Test.csproj", "{E2A995B2-F82D-495D-ADD6-631FBEF9EA14}"
EndProject
Project("{2150E333-8FDC-42A3-9474-1A3956D46DE8}") = "Tests", "Tests", "{ADF5D5FE-8529-401A-B3AD-CB8ED2091AE6}"
EndProject
Project("{2150E333-8FDC-42A3-9474-1A3956D46DE8}") = "3. Interface Adapters", "3. Interface Adapters", "{3265928B-5429-45CF-A28F-834BA7365949}"
EndProject
Project("{9A19103F-16F7-4668-BE54-9A1E7A4F7556}") = "NorthWind.Entities", "NorthWind.Entities\NorthWind.Entities.csproj", "{8793A463-B15C-404D-8647-EC7105D709E3}"
EndProject
Project("{9A19103F-16F7-4668-BE54-9A1E7A4F7556}") = "NorthWind.Sales.UseCases", "NorthWind.Sales.UseCases\NorthWind.Sales.UseCases.csproj", "{E867A620-04B1-4D59-A248-A15741B80EB6}"
EndProject
Project("{2150E333-8FDC-42A3-9474-1A3956D46DE8}") = "Gateways", "Gateways", "{6F113A3D-8605-416F-9E76-BC593FC72313}"
EndProject
Project("{2150E333-8FDC-42A3-9474-1A3956D46DE8}") = "Repositories", "Repositories", "{F72D0409-AD71-4127-BC8C-B9CD5C2B9093}"
EndProject
Project("{9A19103F-16F7-4668-BE54-9A1E7A4F7556}") = "NorthWind.EFCore.Repositories", "NorthWind.EFCore.Repositories\NorthWind.EFCore.Repositories.csproj", "{D9C54F6A-4B07-483C-8A9C-E84271320D60}"
EndProject
Project("{2150E333-8FDC-42A3-9474-1A3956D46DE8}") = "Controllers", "Controllers", "{2544669F-F5C4-478E-91B4-B14155577ECB}"
EndProject
Project("{2150E333-8FDC-42A3-9474-1A3956D46DE8}") = "Presenters", "Presenters", "{0A5F5CA3-B589-42C1-BBC6-75AD0A0E1CF9}"
EndProject
Project("{9A19103F-16F7-4668-BE54-9A1E7A4F7556}") = "NorthWind.Sales.Presenters", "NorthWind.Sales.Presenters\NorthWind.Sales.Presenters.csproj", "{D9347EB1-3B3C-4C0D-B2FB-EDC7D99DF42F}"
EndProject
Project("{9A19103F-16F7-4668-BE54-9A1E7A4F7556}") = "NorthWind.Sales.IoC", "NorthWind.Sales.IoC\NorthWind.Sales.IoC.csproj", "{07D59137-A77E-40A1-AAAF-AFEA306956B1}"
EndProject
Project("{2150E333-8FDC-42A3-9474-1A3956D46DE8}") = "UIs", "UIs", "{676F8DB3-4A22-4E9B-9F68-A079E2956659}"
EndProject
Project("{9A19103F-16F7-4668-BE54-9A1E7A4F7556}") = "NorthWin.Sales.WebApi", "NorthWin.Sales.WebApi\NorthWin.Sales.WebApi.csproj", "{E9E0B914-59D4-4D9D-B14E-EA15154D7BD0}"
EndProject
Project("{9A19103F-16F7-4668-BE54-9A1E7A4F7556}") = "NorthWind.Sales.WebApiGateway", "NorthWind.Sales.WebApiGateway\NorthWind.Sales.WebApiGateway.csproj", "{8248D686-298A-4EE1-AE00-D4A411C820EE}"
EndProject
Project("{9A19103F-16F7-4668-BE54-9A1E7A4F7556}") = "NorthWind.Sales.BlazorClient", "NorthWind.Sales.BlazorClient\NorthWind.Sales.BlazorClient.csproj", "{98DAC0EA-2959-453D-8D9E-07C44149552C}"
EndProject
Project("{9A19103F-16F7-4668-BE54-9A1E7A4F7556}") = "NorthWind.Sales.Validalitor", "NorthWind.Sales.Validalitor\NorthWind.Sales.Validalitor.csproj", "{BD5F6CD7-3B3F-4350-B9C9-E1DB2CB88DD7}"
EndProject
Project("{2150E333-8FDC-42A3-9474-1A3956D46DE8}") = "Tools", "Tools", "{9D71EF77-AC93-4B2F-B029-2F4190CFE20D}"
EndProject
Project("{9A19103F-16F7-4668-BE54-9A1E7A4F7556}") = "NorthWind.BlazorTools", "NorthWindBlazorTools\NorthWind.BlazorTools.csproj", "{5BA5D99B-3DB5-485F-A70E-1BFE49BE8096}"
EndProject
Project("{9A19103F-16F7-4668-BE54-9A1E7A4F7556}") = "NorthWind.ExceptionHandlers", "NorthWind.ExceptionHandlers\NorthWind.ExceptionHandlers.csproj", "{920A2162-EA83-4C92-80C8-856B0842D6A1}"
EndProject
Project("{9A19103F-16F7-4668-BE54-9A1E7A4F7556}") = "NorthWind.Mail", "NorthWind.Mail\NorthWind.Mail.csproj", "{8EEE978F-511D-4D7F-B102-9389A0A92F31}"
EndProject
Project("{FAE04EC0-301F-11D3-BF4B-00C04F79EFBC}") = "NorthWin.WebTools", "NorthWin.WebTools\NorthWin.WebTools.csproj", "{F3D3EAFE-861F-4E0D-8606-5785AE144480}"
EndProject
Global
	GlobalSection(SolutionConfigurationPlatforms) = preSolution
		Debug|Any CPU = Debug|Any CPU
		Release|Any CPU = Release|Any CPU
	EndGlobalSection
	GlobalSection(ProjectConfigurationPlatforms) = postSolution
		{551C8616-CF77-4170-8302-D06E69D26BD2}.Debug|Any CPU.ActiveCfg = Debug|Any CPU
		{551C8616-CF77-4170-8302-D06E69D26BD2}.Debug|Any CPU.Build.0 = Debug|Any CPU
		{551C8616-CF77-4170-8302-D06E69D26BD2}.Release|Any CPU.ActiveCfg = Release|Any CPU
		{551C8616-CF77-4170-8302-D06E69D26BD2}.Release|Any CPU.Build.0 = Release|Any CPU
		{144D9921-1205-48A3-84DC-B8D8FF91CB03}.Debug|Any CPU.ActiveCfg = Debug|Any CPU
		{144D9921-1205-48A3-84DC-B8D8FF91CB03}.Debug|Any CPU.Build.0 = Debug|Any CPU
		{144D9921-1205-48A3-84DC-B8D8FF91CB03}.Release|Any CPU.ActiveCfg = Release|Any CPU
		{144D9921-1205-48A3-84DC-B8D8FF91CB03}.Release|Any CPU.Build.0 = Release|Any CPU
		{E2A995B2-F82D-495D-ADD6-631FBEF9EA14}.Debug|Any CPU.ActiveCfg = Debug|Any CPU
		{E2A995B2-F82D-495D-ADD6-631FBEF9EA14}.Debug|Any CPU.Build.0 = Debug|Any CPU
		{E2A995B2-F82D-495D-ADD6-631FBEF9EA14}.Release|Any CPU.ActiveCfg = Release|Any CPU
		{E2A995B2-F82D-495D-ADD6-631FBEF9EA14}.Release|Any CPU.Build.0 = Release|Any CPU
		{8793A463-B15C-404D-8647-EC7105D709E3}.Debug|Any CPU.ActiveCfg = Debug|Any CPU
		{8793A463-B15C-404D-8647-EC7105D709E3}.Debug|Any CPU.Build.0 = Debug|Any CPU
		{8793A463-B15C-404D-8647-EC7105D709E3}.Release|Any CPU.ActiveCfg = Release|Any CPU
		{8793A463-B15C-404D-8647-EC7105D709E3}.Release|Any CPU.Build.0 = Release|Any CPU
		{E867A620-04B1-4D59-A248-A15741B80EB6}.Debug|Any CPU.ActiveCfg = Debug|Any CPU
		{E867A620-04B1-4D59-A248-A15741B80EB6}.Debug|Any CPU.Build.0 = Debug|Any CPU
		{E867A620-04B1-4D59-A248-A15741B80EB6}.Release|Any CPU.ActiveCfg = Release|Any CPU
		{E867A620-04B1-4D59-A248-A15741B80EB6}.Release|Any CPU.Build.0 = Release|Any CPU
		{D9C54F6A-4B07-483C-8A9C-E84271320D60}.Debug|Any CPU.ActiveCfg = Debug|Any CPU
		{D9C54F6A-4B07-483C-8A9C-E84271320D60}.Debug|Any CPU.Build.0 = Debug|Any CPU
		{D9C54F6A-4B07-483C-8A9C-E84271320D60}.Release|Any CPU.ActiveCfg = Release|Any CPU
		{D9C54F6A-4B07-483C-8A9C-E84271320D60}.Release|Any CPU.Build.0 = Release|Any CPU
		{D9347EB1-3B3C-4C0D-B2FB-EDC7D99DF42F}.Debug|Any CPU.ActiveCfg = Debug|Any CPU
		{D9347EB1-3B3C-4C0D-B2FB-EDC7D99DF42F}.Debug|Any CPU.Build.0 = Debug|Any CPU
		{D9347EB1-3B3C-4C0D-B2FB-EDC7D99DF42F}.Release|Any CPU.ActiveCfg = Release|Any CPU
		{D9347EB1-3B3C-4C0D-B2FB-EDC7D99DF42F}.Release|Any CPU.Build.0 = Release|Any CPU
		{07D59137-A77E-40A1-AAAF-AFEA306956B1}.Debug|Any CPU.ActiveCfg = Debug|Any CPU
		{07D59137-A77E-40A1-AAAF-AFEA306956B1}.Debug|Any CPU.Build.0 = Debug|Any CPU
		{07D59137-A77E-40A1-AAAF-AFEA306956B1}.Release|Any CPU.ActiveCfg = Release|Any CPU
		{07D59137-A77E-40A1-AAAF-AFEA306956B1}.Release|Any CPU.Build.0 = Release|Any CPU
		{E9E0B914-59D4-4D9D-B14E-EA15154D7BD0}.Debug|Any CPU.ActiveCfg = Debug|Any CPU
		{E9E0B914-59D4-4D9D-B14E-EA15154D7BD0}.Debug|Any CPU.Build.0 = Debug|Any CPU
		{E9E0B914-59D4-4D9D-B14E-EA15154D7BD0}.Release|Any CPU.ActiveCfg = Release|Any CPU
		{E9E0B914-59D4-4D9D-B14E-EA15154D7BD0}.Release|Any CPU.Build.0 = Release|Any CPU
		{8248D686-298A-4EE1-AE00-D4A411C820EE}.Debug|Any CPU.ActiveCfg = Debug|Any CPU
		{8248D686-298A-4EE1-AE00-D4A411C820EE}.Debug|Any CPU.Build.0 = Debug|Any CPU
		{8248D686-298A-4EE1-AE00-D4A411C820EE}.Release|Any CPU.ActiveCfg = Release|Any CPU
		{8248D686-298A-4EE1-AE00-D4A411C820EE}.Release|Any CPU.Build.0 = Release|Any CPU
		{98DAC0EA-2959-453D-8D9E-07C44149552C}.Debug|Any CPU.ActiveCfg = Debug|Any CPU
		{98DAC0EA-2959-453D-8D9E-07C44149552C}.Debug|Any CPU.Build.0 = Debug|Any CPU
		{98DAC0EA-2959-453D-8D9E-07C44149552C}.Release|Any CPU.ActiveCfg = Release|Any CPU
		{98DAC0EA-2959-453D-8D9E-07C44149552C}.Release|Any CPU.Build.0 = Release|Any CPU
		{BD5F6CD7-3B3F-4350-B9C9-E1DB2CB88DD7}.Debug|Any CPU.ActiveCfg = Debug|Any CPU
		{BD5F6CD7-3B3F-4350-B9C9-E1DB2CB88DD7}.Debug|Any CPU.Build.0 = Debug|Any CPU
		{BD5F6CD7-3B3F-4350-B9C9-E1DB2CB88DD7}.Release|Any CPU.ActiveCfg = Release|Any CPU
		{BD5F6CD7-3B3F-4350-B9C9-E1DB2CB88DD7}.Release|Any CPU.Build.0 = Release|Any CPU
		{5BA5D99B-3DB5-485F-A70E-1BFE49BE8096}.Debug|Any CPU.ActiveCfg = Debug|Any CPU
		{5BA5D99B-3DB5-485F-A70E-1BFE49BE8096}.Debug|Any CPU.Build.0 = Debug|Any CPU
		{5BA5D99B-3DB5-485F-A70E-1BFE49BE8096}.Release|Any CPU.ActiveCfg = Release|Any CPU
		{5BA5D99B-3DB5-485F-A70E-1BFE49BE8096}.Release|Any CPU.Build.0 = Release|Any CPU
		{920A2162-EA83-4C92-80C8-856B0842D6A1}.Debug|Any CPU.ActiveCfg = Debug|Any CPU
		{920A2162-EA83-4C92-80C8-856B0842D6A1}.Debug|Any CPU.Build.0 = Debug|Any CPU
		{920A2162-EA83-4C92-80C8-856B0842D6A1}.Release|Any CPU.ActiveCfg = Release|Any CPU
		{920A2162-EA83-4C92-80C8-856B0842D6A1}.Release|Any CPU.Build.0 = Release|Any CPU
		{8EEE978F-511D-4D7F-B102-9389A0A92F31}.Debug|Any CPU.ActiveCfg = Debug|Any CPU
		{8EEE978F-511D-4D7F-B102-9389A0A92F31}.Debug|Any CPU.Build.0 = Debug|Any CPU
		{8EEE978F-511D-4D7F-B102-9389A0A92F31}.Release|Any CPU.ActiveCfg = Release|Any CPU
		{8EEE978F-511D-4D7F-B102-9389A0A92F31}.Release|Any CPU.Build.0 = Release|Any CPU
		{F3D3EAFE-861F-4E0D-8606-5785AE144480}.Debug|Any CPU.ActiveCfg = Debug|Any CPU
		{F3D3EAFE-861F-4E0D-8606-5785AE144480}.Debug|Any CPU.Build.0 = Debug|Any CPU
		{F3D3EAFE-861F-4E0D-8606-5785AE144480}.Release|Any CPU.ActiveCfg = Release|Any CPU
		{F3D3EAFE-861F-4E0D-8606-5785AE144480}.Release|Any CPU.Build.0 = Release|Any CPU
	EndGlobalSection
	GlobalSection(SolutionProperties) = preSolution
		HideSolutionNode = FALSE
	EndGlobalSection
	GlobalSection(NestedProjects) = preSolution
		{551C8616-CF77-4170-8302-D06E69D26BD2} = {7AB00ADD-D572-430E-A245-772FB78F3E78}
		{144D9921-1205-48A3-84DC-B8D8FF91CB03} = {2544669F-F5C4-478E-91B4-B14155577ECB}
		{E2A995B2-F82D-495D-ADD6-631FBEF9EA14} = {3265928B-5429-45CF-A28F-834BA7365949}
		{3265928B-5429-45CF-A28F-834BA7365949} = {ADF5D5FE-8529-401A-B3AD-CB8ED2091AE6}
		{8793A463-B15C-404D-8647-EC7105D709E3} = {DCEF27EC-5818-4AFE-A2F9-5AEC41B90301}
		{E867A620-04B1-4D59-A248-A15741B80EB6} = {7AB00ADD-D572-430E-A245-772FB78F3E78}
		{6F113A3D-8605-416F-9E76-BC593FC72313} = {62B797F3-7471-4A2F-9ABF-F04C2E9E2CCA}
		{F72D0409-AD71-4127-BC8C-B9CD5C2B9093} = {6F113A3D-8605-416F-9E76-BC593FC72313}
		{D9C54F6A-4B07-483C-8A9C-E84271320D60} = {F72D0409-AD71-4127-BC8C-B9CD5C2B9093}
		{2544669F-F5C4-478E-91B4-B14155577ECB} = {62B797F3-7471-4A2F-9ABF-F04C2E9E2CCA}
		{0A5F5CA3-B589-42C1-BBC6-75AD0A0E1CF9} = {62B797F3-7471-4A2F-9ABF-F04C2E9E2CCA}
		{D9347EB1-3B3C-4C0D-B2FB-EDC7D99DF42F} = {0A5F5CA3-B589-42C1-BBC6-75AD0A0E1CF9}
		{07D59137-A77E-40A1-AAAF-AFEA306956B1} = {62B797F3-7471-4A2F-9ABF-F04C2E9E2CCA}
		{676F8DB3-4A22-4E9B-9F68-A079E2956659} = {8C576F45-0EAE-491F-A399-A2A3BB7101EC}
		{E9E0B914-59D4-4D9D-B14E-EA15154D7BD0} = {676F8DB3-4A22-4E9B-9F68-A079E2956659}
		{8248D686-298A-4EE1-AE00-D4A411C820EE} = {6F113A3D-8605-416F-9E76-BC593FC72313}
		{98DAC0EA-2959-453D-8D9E-07C44149552C} = {676F8DB3-4A22-4E9B-9F68-A079E2956659}
		{BD5F6CD7-3B3F-4350-B9C9-E1DB2CB88DD7} = {7AB00ADD-D572-430E-A245-772FB78F3E78}
		{9D71EF77-AC93-4B2F-B029-2F4190CFE20D} = {8C576F45-0EAE-491F-A399-A2A3BB7101EC}
		{5BA5D99B-3DB5-485F-A70E-1BFE49BE8096} = {9D71EF77-AC93-4B2F-B029-2F4190CFE20D}
		{920A2162-EA83-4C92-80C8-856B0842D6A1} = {0A5F5CA3-B589-42C1-BBC6-75AD0A0E1CF9}
		{8EEE978F-511D-4D7F-B102-9389A0A92F31} = {6F113A3D-8605-416F-9E76-BC593FC72313}
		{F3D3EAFE-861F-4E0D-8606-5785AE144480} = {9D71EF77-AC93-4B2F-B029-2F4190CFE20D}
	EndGlobalSection
	GlobalSection(ExtensibilityGlobals) = postSolution
		SolutionGuid = {D768F962-2FE8-4B9B-AB86-80B258BAE178}
	EndGlobalSection
EndGlobal
